
Microsoft Visual Studio Solution File, Format Version 12.00
# Visual Studio Version 16
VisualStudioVersion = 16.0.32228.343
MinimumVisualStudioVersion = 10.0.40219.1
Project("{FAE04EC0-301F-11D3-BF4B-00C04F79EFBC}") = "ProgramToTest", "ProgramToTest.csproj", "{688DCC36-7BF5-4017-A4BC-141F32C8F00A}"
EndProject
Global
	GlobalSection(SolutionConfigurationPlatforms) = preSolution
		Debug|Any CPU = Debug|Any CPU
		Release|Any CPU = Release|Any CPU
	EndGlobalSection
	GlobalSection(ProjectConfigurationPlatforms) = postSolution
		{688DCC36-7BF5-4017-A4BC-141F32C8F00A}.Debug|Any CPU.ActiveCfg = Debug|Any CPU
		{688DCC36-7BF5-4017-A4BC-141F32C8F00A}.Debug|Any CPU.Build.0 = Debug|Any CPU
		{688DCC36-7BF5-4017-A4BC-141F32C8F00A}.Release|Any CPU.ActiveCfg = Release|Any CPU
		{688DCC36-7BF5-4017-A4BC-141F32C8F00A}.Release|Any CPU.Build.0 = Release|Any CPU
	EndGlobalSection
	GlobalSection(SolutionProperties) = preSolution
		HideSolutionNode = FALSE
	EndGlobalSection
	GlobalSection(ExtensibilityGlobals) = postSolution
		SolutionGuid = {227D81EA-6F77-42AC-A241-40625B284F64}
	EndGlobalSection
EndGlobal
